
Microsoft Visual Studio Solution File, Format Version 12.00
# Visual Studio Version 16
VisualStudioVersion = 25.0.1703.4
MinimumVisualStudioVersion = 10.0.40219.1
Project("{FAE04EC0-301F-11D3-BF4B-00C04F79EFBC}") = "Pluto", "Pluto.csproj", "{020195CB-7600-41C3-A276-DA4A7CB06295}"
EndProject
Global
	GlobalSection(SolutionConfigurationPlatforms) = preSolution
		Debug|Any CPU = Debug|Any CPU
		Release|Any CPU = Release|Any CPU
	EndGlobalSection
	GlobalSection(ProjectConfigurationPlatforms) = postSolution
		{020195CB-7600-41C3-A276-DA4A7CB06295}.Debug|Any CPU.ActiveCfg = Debug|Any CPU
		{020195CB-7600-41C3-A276-DA4A7CB06295}.Debug|Any CPU.Build.0 = Debug|Any CPU
		{020195CB-7600-41C3-A276-DA4A7CB06295}.Release|Any CPU.ActiveCfg = Release|Any CPU
		{020195CB-7600-41C3-A276-DA4A7CB06295}.Release|Any CPU.Build.0 = Release|Any CPU
	EndGlobalSection
	GlobalSection(SolutionProperties) = preSolution
		HideSolutionNode = FALSE
	EndGlobalSection
	GlobalSection(ExtensibilityGlobals) = postSolution
		SolutionGuid = {CE208F78-BA0D-4F6C-970E-8B265218201C}
	EndGlobalSection
EndGlobal
